// !$*UTF8*$!
{
	archiveVersion = 1;
	classes = {
	};
	objectVersion = 46;
	objects = {

/* Begin PBXBuildFile section */
		B86BB1A11DF879F50068EB63 /* AppDelegate.swift in Sources */ = {isa = PBXBuildFile; fileRef = B86BB1A01DF879F50068EB63 /* AppDelegate.swift */; };
		B86BB1A31DF879F50068EB63 /* ViewController.swift in Sources */ = {isa = PBXBuildFile; fileRef = B86BB1A21DF879F50068EB63 /* ViewController.swift */; };
		B86BB1A61DF879F50068EB63 /* Main.storyboard in Resources */ = {isa = PBXBuildFile; fileRef = B86BB1A41DF879F50068EB63 /* Main.storyboard */; };
		B86BB1A81DF879F50068EB63 /* Assets.xcassets in Resources */ = {isa = PBXBuildFile; fileRef = B86BB1A71DF879F50068EB63 /* Assets.xcassets */; };
		B86BB1AB1DF879F50068EB63 /* LaunchScreen.storyboard in Resources */ = {isa = PBXBuildFile; fileRef = B86BB1A91DF879F50068EB63 /* LaunchScreen.storyboard */; };
		B873C27D1DFF3F9900C40DB3 /* CountDowner.swift in Sources */ = {isa = PBXBuildFile; fileRef = B873C27C1DFF3F9900C40DB3 /* CountDowner.swift */; };
		B87CF80C1DF9F92F00FB4F46 /* NumbersFactory.swift in Sources */ = {isa = PBXBuildFile; fileRef = B87CF80B1DF9F92F00FB4F46 /* NumbersFactory.swift */; };
		B87CF80E1DFA192600FB4F46 /* GameButton.swift in Sources */ = {isa = PBXBuildFile; fileRef = B87CF80D1DFA192600FB4F46 /* GameButton.swift */; };
		B8C3EC001E00A65700B6309F /* ScoreBoard.swift in Sources */ = {isa = PBXBuildFile; fileRef = B8C3EBFF1E00A65700B6309F /* ScoreBoard.swift */; };
/* End PBXBuildFile section */

/* Begin PBXFileReference section */
		B86BB19D1DF879F50068EB63 /* Catchy.app */ = {isa = PBXFileReference; explicitFileType = wrapper.application; includeInIndex = 0; path = Catchy.app; sourceTree = BUILT_PRODUCTS_DIR; };
		B86BB1A01DF879F50068EB63 /* AppDelegate.swift */ = {isa = PBXFileReference; lastKnownFileType = sourcecode.swift; path = AppDelegate.swift; sourceTree = "<group>"; };
		B86BB1A21DF879F50068EB63 /* ViewController.swift */ = {isa = PBXFileReference; lastKnownFileType = sourcecode.swift; path = ViewController.swift; sourceTree = "<group>"; };
		B86BB1A51DF879F50068EB63 /* Base */ = {isa = PBXFileReference; lastKnownFileType = file.storyboard; name = Base; path = Base.lproj/Main.storyboard; sourceTree = "<group>"; };
		B86BB1A71DF879F50068EB63 /* Assets.xcassets */ = {isa = PBXFileReference; lastKnownFileType = folder.assetcatalog; path = Assets.xcassets; sourceTree = "<group>"; };
		B86BB1AA1DF879F50068EB63 /* Base */ = {isa = PBXFileReference; lastKnownFileType = file.storyboard; name = Base; path = Base.lproj/LaunchScreen.storyboard; sourceTree = "<group>"; };
		B86BB1AC1DF879F50068EB63 /* Info.plist */ = {isa = PBXFileReference; lastKnownFileType = text.plist.xml; path = Info.plist; sourceTree = "<group>"; };
		B873C27C1DFF3F9900C40DB3 /* CountDowner.swift */ = {isa = PBXFileReference; fileEncoding = 4; lastKnownFileType = sourcecode.swift; path = CountDowner.swift; sourceTree = "<group>"; };
		B87CF80B1DF9F92F00FB4F46 /* NumbersFactory.swift */ = {isa = PBXFileReference; fileEncoding = 4; lastKnownFileType = sourcecode.swift; path = NumbersFactory.swift; sourceTree = "<group>"; };
		B87CF80D1DFA192600FB4F46 /* GameButton.swift */ = {isa = PBXFileReference; fileEncoding = 4; lastKnownFileType = sourcecode.swift; path = GameButton.swift; sourceTree = "<group>"; };
		B8C3EBFF1E00A65700B6309F /* ScoreBoard.swift */ = {isa = PBXFileReference; fileEncoding = 4; lastKnownFileType = sourcecode.swift; path = ScoreBoard.swift; sourceTree = "<group>"; };
/* End PBXFileReference section */

/* Begin PBXFrameworksBuildPhase section */
		B86BB19A1DF879F40068EB63 /* Frameworks */ = {
			isa = PBXFrameworksBuildPhase;
			buildActionMask = 2147483647;
			files = (
			);
			runOnlyForDeploymentPostprocessing = 0;
		};
/* End PBXFrameworksBuildPhase section */

/* Begin PBXGroup section */
		B86BB1941DF879F40068EB63 = {
			isa = PBXGroup;
			children = (
				B86BB19F1DF879F50068EB63 /* NumbersFlow */,
				B86BB19E1DF879F50068EB63 /* Products */,
			);
			sourceTree = "<group>";
		};
		B86BB19E1DF879F50068EB63 /* Products */ = {
			isa = PBXGroup;
			children = (
				B86BB19D1DF879F50068EB63 /* Catchy.app */,
			);
			name = Products;
			sourceTree = "<group>";
		};
		B86BB19F1DF879F50068EB63 /* NumbersFlow */ = {
			isa = PBXGroup;
			children = (
				B86BB1A01DF879F50068EB63 /* AppDelegate.swift */,
				B86BB1A21DF879F50068EB63 /* ViewController.swift */,
				B86BB1A41DF879F50068EB63 /* Main.storyboard */,
				B86BB1A71DF879F50068EB63 /* Assets.xcassets */,
				B86BB1A91DF879F50068EB63 /* LaunchScreen.storyboard */,
				B86BB1AC1DF879F50068EB63 /* Info.plist */,
				B87CF80B1DF9F92F00FB4F46 /* NumbersFactory.swift */,
				B87CF80D1DFA192600FB4F46 /* GameButton.swift */,
				B873C27C1DFF3F9900C40DB3 /* CountDowner.swift */,
				B8C3EBFF1E00A65700B6309F /* ScoreBoard.swift */,
			);
			path = NumbersFlow;
			sourceTree = "<group>";
		};
/* End PBXGroup section */

/* Begin PBXNativeTarget section */
		B86BB19C1DF879F40068EB63 /* NumbersFlow */ = {
			isa = PBXNativeTarget;
			buildConfigurationList = B86BB1AF1DF879F50068EB63 /* Build configuration list for PBXNativeTarget "NumbersFlow" */;
			buildPhases = (
				B86BB1991DF879F40068EB63 /* Sources */,
				B86BB19A1DF879F40068EB63 /* Frameworks */,
				B86BB19B1DF879F40068EB63 /* Resources */,
			);
			buildRules = (
			);
			dependencies = (
			);
			name = NumbersFlow;
			productName = NumbersFlow;
			productReference = B86BB19D1DF879F50068EB63 /* Catchy.app */;
			productType = "com.apple.product-type.application";
		};
/* End PBXNativeTarget section */

/* Begin PBXProject section */
		B86BB1951DF879F40068EB63 /* Project object */ = {
			isa = PBXProject;
			attributes = {
				LastSwiftUpdateCheck = 0810;
				LastUpgradeCheck = 0810;
				ORGANIZATIONNAME = "Catchy Games";
				TargetAttributes = {
					B86BB19C1DF879F40068EB63 = {
						CreatedOnToolsVersion = 8.1;
						DevelopmentTeam = VAS2C2F9FF;
						ProvisioningStyle = Automatic;
					};
				};
			};
			buildConfigurationList = B86BB1981DF879F40068EB63 /* Build configuration list for PBXProject "NumbersFlow" */;
			compatibilityVersion = "Xcode 3.2";
			developmentRegion = English;
			hasScannedForEncodings = 0;
			knownRegions = (
				en,
				Base,
			);
			mainGroup = B86BB1941DF879F40068EB63;
			productRefGroup = B86BB19E1DF879F50068EB63 /* Products */;
			projectDirPath = "";
			projectRoot = "";
			targets = (
				B86BB19C1DF879F40068EB63 /* NumbersFlow */,
			);
		};
/* End PBXProject section */

/* Begin PBXResourcesBuildPhase section */
		B86BB19B1DF879F40068EB63 /* Resources */ = {
			isa = PBXResourcesBuildPhase;
			buildActionMask = 2147483647;
			files = (
				B86BB1AB1DF879F50068EB63 /* LaunchScreen.storyboard in Resources */,
				B86BB1A81DF879F50068EB63 /* Assets.xcassets in Resources */,
				B86BB1A61DF879F50068EB63 /* Main.storyboard in Resources */,
			);
			runOnlyForDeploymentPostprocessing = 0;
		};
/* End PBXResourcesBuildPhase section */

/* Begin PBXSourcesBuildPhase section */
		B86BB1991DF879F40068EB63 /* Sources */ = {
			isa = PBXSourcesBuildPhase;
			buildActionMask = 2147483647;
			files = (
				B87CF80C1DF9F92F00FB4F46 /* NumbersFactory.swift in Sources */,
				B87CF80E1DFA192600FB4F46 /* GameButton.swift in Sources */,
				B86BB1A31DF879F50068EB63 /* ViewController.swift in Sources */,
				B8C3EC001E00A65700B6309F /* ScoreBoard.swift in Sources */,
				B873C27D1DFF3F9900C40DB3 /* CountDowner.swift in Sources */,
				B86BB1A11DF879F50068EB63 /* AppDelegate.swift in Sources */,
			);
			runOnlyForDeploymentPostprocessing = 0;
		};
/* End PBXSourcesBuildPhase section */

/* Begin PBXVariantGroup section */
		B86BB1A41DF879F50068EB63 /* Main.storyboard */ = {
			isa = PBXVariantGroup;
			children = (
				B86BB1A51DF879F50068EB63 /* Base */,
			);
			name = Main.storyboard;
			sourceTree = "<group>";
		};
		B86BB1A91DF879F50068EB63 /* LaunchScreen.storyboard */ = {
			isa = PBXVariantGroup;
			children = (
				B86BB1AA1DF879F50068EB63 /* Base */,
			);
			name = LaunchScreen.storyboard;
			sourceTree = "<group>";
		};
/* End PBXVariantGroup section */

/* Begin XCBuildConfiguration section */
		B86BB1AD1DF879F50068EB63 /* Debug */ = {
			isa = XCBuildConfiguration;
			buildSettings = {
				ALWAYS_SEARCH_USER_PATHS = NO;
				CLANG_ANALYZER_NONNULL = YES;
				CLANG_CXX_LANGUAGE_STANDARD = "gnu++0x";
				CLANG_CXX_LIBRARY = "libc++";
				CLANG_ENABLE_MODULES = YES;
				CLANG_ENABLE_OBJC_ARC = YES;
				CLANG_WARN_BOOL_CONVERSION = YES;
				CLANG_WARN_CONSTANT_CONVERSION = YES;
				CLANG_WARN_DIRECT_OBJC_ISA_USAGE = YES_ERROR;
				CLANG_WARN_DOCUMENTATION_COMMENTS = YES;
				CLANG_WARN_EMPTY_BODY = YES;
				CLANG_WARN_ENUM_CONVERSION = YES;
				CLANG_WARN_INFINITE_RECURSION = YES;
				CLANG_WARN_INT_CONVERSION = YES;
				CLANG_WARN_OBJC_ROOT_CLASS = YES_ERROR;
				CLANG_WARN_SUSPICIOUS_MOVES = YES;
				CLANG_WARN_UNREACHABLE_CODE = YES;
				CLANG_WARN__DUPLICATE_METHOD_MATCH = YES;
				"CODE_SIGN_IDENTITY[sdk=iphoneos*]" = "iPhone Developer";
				COPY_PHASE_STRIP = NO;
				DEBUG_INFORMATION_FORMAT = dwarf;
				ENABLE_STRICT_OBJC_MSGSEND = YES;
				ENABLE_TESTABILITY = YES;
				GCC_C_LANGUAGE_STANDARD = gnu99;
				GCC_DYNAMIC_NO_PIC = NO;
				GCC_NO_COMMON_BLOCKS = YES;
				GCC_OPTIMIZATION_LEVEL = 0;
				GCC_PREPROCESSOR_DEFINITIONS = (
					"DEBUG=1",
					"$(inherited)",
				);
				GCC_WARN_64_TO_32_BIT_CONVERSION = YES;
				GCC_WARN_ABOUT_RETURN_TYPE = YES_ERROR;
				GCC_WARN_UNDECLARED_SELECTOR = YES;
				GCC_WARN_UNINITIALIZED_AUTOS = YES_AGGRESSIVE;
				GCC_WARN_UNUSED_FUNCTION = YES;
				GCC_WARN_UNUSED_VARIABLE = YES;
				IPHONEOS_DEPLOYMENT_TARGET = 10.1;
				MTL_ENABLE_DEBUG_INFO = YES;
				ONLY_ACTIVE_ARCH = YES;
				SDKROOT = iphoneos;
				SWIFT_ACTIVE_COMPILATION_CONDITIONS = DEBUG;
				SWIFT_OPTIMIZATION_LEVEL = "-Onone";
				TARGETED_DEVICE_FAMILY = "1,2";
			};
			name = Debug;
		};
		B86BB1AE1DF879F50068EB63 /* Release */ = {
			isa = XCBuildConfiguration;
			buildSettings = {
				ALWAYS_SEARCH_USER_PATHS = NO;
				CLANG_ANALYZER_NONNULL = YES;
				CLANG_CXX_LANGUAGE_STANDARD = "gnu++0x";
				CLANG_CXX_LIBRARY = "libc++";
				CLANG_ENABLE_MODULES = YES;
				CLANG_ENABLE_OBJC_ARC = YES;
				CLANG_WARN_BOOL_CONVERSION = YES;
				CLANG_WARN_CONSTANT_CONVERSION = YES;
				CLANG_WARN_DIRECT_OBJC_ISA_USAGE = YES_ERROR;
				CLANG_WARN_DOCUMENTATION_COMMENTS = YES;
				CLANG_WARN_EMPTY_BODY = YES;
				CLANG_WARN_ENUM_CONVERSION = YES;
				CLANG_WARN_INFINITE_RECURSION = YES;
				CLANG_WARN_INT_CONVERSION = YES;
				CLANG_WARN_OBJC_ROOT_CLASS = YES_ERROR;
				CLANG_WARN_SUSPICIOUS_MOVES = YES;
				CLANG_WARN_UNREACHABLE_CODE = YES;
				CLANG_WARN__DUPLICATE_METHOD_MATCH = YES;
				"CODE_SIGN_IDENTITY[sdk=iphoneos*]" = "iPhone Developer";
				COPY_PHASE_STRIP = NO;
				DEBUG_INFORMATION_FORMAT = "dwarf-with-dsym";
				ENABLE_NS_ASSERTIONS = NO;
				ENABLE_STRICT_OBJC_MSGSEND = YES;
				GCC_C_LANGUAGE_STANDARD = gnu99;
				GCC_NO_COMMON_BLOCKS = YES;
				GCC_WARN_64_TO_32_BIT_CONVERSION = YES;
				GCC_WARN_ABOUT_RETURN_TYPE = YES_ERROR;
				GCC_WARN_UNDECLARED_SELECTOR = YES;
				GCC_WARN_UNINITIALIZED_AUTOS = YES_AGGRESSIVE;
				GCC_WARN_UNUSED_FUNCTION = YES;
				GCC_WARN_UNUSED_VARIABLE = YES;
				IPHONEOS_DEPLOYMENT_TARGET = 10.1;
				MTL_ENABLE_DEBUG_INFO = NO;
				SDKROOT = iphoneos;
				SWIFT_OPTIMIZATION_LEVEL = "-Owholemodule";
				TARGETED_DEVICE_FAMILY = "1,2";
				VALIDATE_PRODUCT = YES;
			};
			name = Release;
		};
		B86BB1B01DF879F50068EB63 /* Debug */ = {
			isa = XCBuildConfiguration;
			buildSettings = {
				ASSETCATALOG_COMPILER_APPICON_NAME = AppIcon;
				"CODE_SIGN_IDENTITY[sdk=iphoneos*]" = "iPhone Developer";
				DEVELOPMENT_TEAM = VAS2C2F9FF;
				INFOPLIST_FILE = NumbersFlow/Info.plist;
				LD_RUNPATH_SEARCH_PATHS = "$(inherited) @executable_path/Frameworks";
				PRODUCT_BUNDLE_IDENTIFIER = catchygames.NumbersFlow;
				PRODUCT_NAME = Catchy;
				SWIFT_VERSION = 3.0;
			};
			name = Debug;
		};
		B86BB1B11DF879F50068EB63 /* Release */ = {
			isa = XCBuildConfiguration;
			buildSettings = {
				ASSETCATALOG_COMPILER_APPICON_NAME = AppIcon;
				"CODE_SIGN_IDENTITY[sdk=iphoneos*]" = "iPhone Developer";
				DEVELOPMENT_TEAM = VAS2C2F9FF;
				INFOPLIST_FILE = NumbersFlow/Info.plist;
				LD_RUNPATH_SEARCH_PATHS = "$(inherited) @executable_path/Frameworks";
				PRODUCT_BUNDLE_IDENTIFIER = catchygames.NumbersFlow;
				PRODUCT_NAME = Catchy;
				SWIFT_VERSION = 3.0;
			};
			name = Release;
		};
/* End XCBuildConfiguration section */

/* Begin XCConfigurationList section */
		B86BB1981DF879F40068EB63 /* Build configuration list for PBXProject "NumbersFlow" */ = {
			isa = XCConfigurationList;
			buildConfigurations = (
				B86BB1AD1DF879F50068EB63 /* Debug */,
				B86BB1AE1DF879F50068EB63 /* Release */,
			);
			defaultConfigurationIsVisible = 0;
			defaultConfigurationName = Release;
		};
		B86BB1AF1DF879F50068EB63 /* Build configuration list for PBXNativeTarget "NumbersFlow" */ = {
			isa = XCConfigurationList;
			buildConfigurations = (
				B86BB1B01DF879F50068EB63 /* Debug */,
				B86BB1B11DF879F50068EB63 /* Release */,
			);
			defaultConfigurationIsVisible = 0;
			defaultConfigurationName = Release;
		};
/* End XCConfigurationList section */
	};
	rootObject = B86BB1951DF879F40068EB63 /* Project object */;
}
